
Microsoft Visual Studio Solution File, Format Version 12.00
# Visual Studio Version 16
VisualStudioVersion = 16.0.29911.84
MinimumVisualStudioVersion = 10.0.40219.1
Project("{9A19103F-16F7-4668-BE54-9A1E7A4F7556}") = "DrinkAndGo", "DrinkAndGo.csproj", "{867DE3B2-B588-42E8-AF42-BDEEC6E836A1}"
EndProject
Global
	GlobalSection(SolutionConfigurationPlatforms) = preSolution
		Debug|Any CPU = Debug|Any CPU
		Release|Any CPU = Release|Any CPU
	EndGlobalSection
	GlobalSection(ProjectConfigurationPlatforms) = postSolution
		{867DE3B2-B588-42E8-AF42-BDEEC6E836A1}.Debug|Any CPU.ActiveCfg = Debug|Any CPU
		{867DE3B2-B588-42E8-AF42-BDEEC6E836A1}.Debug|Any CPU.Build.0 = Debug|Any CPU
		{867DE3B2-B588-42E8-AF42-BDEEC6E836A1}.Release|Any CPU.ActiveCfg = Release|Any CPU
		{867DE3B2-B588-42E8-AF42-BDEEC6E836A1}.Release|Any CPU.Build.0 = Release|Any CPU
	EndGlobalSection
	GlobalSection(SolutionProperties) = preSolution
		HideSolutionNode = FALSE
	EndGlobalSection
	GlobalSection(ExtensibilityGlobals) = postSolution
		SolutionGuid = {CA4F4FE3-56EC-490B-8B78-8A00F9FFC8E5}
	EndGlobalSection
EndGlobal
